// !$*UTF8*$!
{
	archiveVersion = 1;
	classes = {
	};
	objectVersion = 46;
	objects = {

/* Begin PBXBuildFile section */
		3C9ADE7E1D12E6E9006FDCA0 /* main.m in Sources */ = {isa = PBXBuildFile; fileRef = 3C9ADE7D1D12E6E9006FDCA0 /* main.m */; };
		3C9ADE811D12E6E9006FDCA0 /* AppDelegate.m in Sources */ = {isa = PBXBuildFile; fileRef = 3C9ADE801D12E6E9006FDCA0 /* AppDelegate.m */; };
		3C9ADE841D12E6E9006FDCA0 /* ViewController.m in Sources */ = {isa = PBXBuildFile; fileRef = 3C9ADE831D12E6E9006FDCA0 /* ViewController.m */; };
		3C9ADE871D12E6E9006FDCA0 /* Main.storyboard in Resources */ = {isa = PBXBuildFile; fileRef = 3C9ADE851D12E6E9006FDCA0 /* Main.storyboard */; };
		3C9ADE891D12E6E9006FDCA0 /* Assets.xcassets in Resources */ = {isa = PBXBuildFile; fileRef = 3C9ADE881D12E6E9006FDCA0 /* Assets.xcassets */; };
		3C9ADE8C1D12E6E9006FDCA0 /* LaunchScreen.storyboard in Resources */ = {isa = PBXBuildFile; fileRef = 3C9ADE8A1D12E6E9006FDCA0 /* LaunchScreen.storyboard */; };
		6F3ECBE1947228E41F4B0C09 /* libPods-UIViewADKAutoLayoutSupport.a in Frameworks */ = {isa = PBXBuildFile; fileRef = AA8A9DC98B13D373B0830EC1 /* libPods-UIViewADKAutoLayoutSupport.a */; };
/* End PBXBuildFile section */

/* Begin PBXFileReference section */
		0B829AA49D62B6D4CFE2F635 /* Pods-UIViewADKAutoLayoutSupport.release.xcconfig */ = {isa = PBXFileReference; includeInIndex = 1; lastKnownFileType = text.xcconfig; name = "Pods-UIViewADKAutoLayoutSupport.release.xcconfig"; path = "Pods/Target Support Files/Pods-UIViewADKAutoLayoutSupport/Pods-UIViewADKAutoLayoutSupport.release.xcconfig"; sourceTree = "<group>"; };
		3C9ADE791D12E6E9006FDCA0 /* UIViewADKAutoLayoutSupport.app */ = {isa = PBXFileReference; explicitFileType = wrapper.application; includeInIndex = 0; path = UIViewADKAutoLayoutSupport.app; sourceTree = BUILT_PRODUCTS_DIR; };
		3C9ADE7D1D12E6E9006FDCA0 /* main.m */ = {isa = PBXFileReference; lastKnownFileType = sourcecode.c.objc; path = main.m; sourceTree = "<group>"; };
		3C9ADE7F1D12E6E9006FDCA0 /* AppDelegate.h */ = {isa = PBXFileReference; lastKnownFileType = sourcecode.c.h; path = AppDelegate.h; sourceTree = "<group>"; };
		3C9ADE801D12E6E9006FDCA0 /* AppDelegate.m */ = {isa = PBXFileReference; lastKnownFileType = sourcecode.c.objc; path = AppDelegate.m; sourceTree = "<group>"; };
		3C9ADE821D12E6E9006FDCA0 /* ViewController.h */ = {isa = PBXFileReference; lastKnownFileType = sourcecode.c.h; path = ViewController.h; sourceTree = "<group>"; };
		3C9ADE831D12E6E9006FDCA0 /* ViewController.m */ = {isa = PBXFileReference; lastKnownFileType = sourcecode.c.objc; path = ViewController.m; sourceTree = "<group>"; };
		3C9ADE861D12E6E9006FDCA0 /* Base */ = {isa = PBXFileReference; lastKnownFileType = file.storyboard; name = Base; path = Base.lproj/Main.storyboard; sourceTree = "<group>"; };
		3C9ADE881D12E6E9006FDCA0 /* Assets.xcassets */ = {isa = PBXFileReference; lastKnownFileType = folder.assetcatalog; path = Assets.xcassets; sourceTree = "<group>"; };
		3C9ADE8B1D12E6E9006FDCA0 /* Base */ = {isa = PBXFileReference; lastKnownFileType = file.storyboard; name = Base; path = Base.lproj/LaunchScreen.storyboard; sourceTree = "<group>"; };
		3C9ADE8D1D12E6E9006FDCA0 /* Info.plist */ = {isa = PBXFileReference; lastKnownFileType = text.plist.xml; path = Info.plist; sourceTree = "<group>"; };
		AA8A9DC98B13D373B0830EC1 /* libPods-UIViewADKAutoLayoutSupport.a */ = {isa = PBXFileReference; explicitFileType = archive.ar; includeInIndex = 0; path = "libPods-UIViewADKAutoLayoutSupport.a"; sourceTree = BUILT_PRODUCTS_DIR; };
		C726C6404FE8919AF0D6ABE3 /* Pods-UIViewADKAutoLayoutSupport.debug.xcconfig */ = {isa = PBXFileReference; includeInIndex = 1; lastKnownFileType = text.xcconfig; name = "Pods-UIViewADKAutoLayoutSupport.debug.xcconfig"; path = "Pods/Target Support Files/Pods-UIViewADKAutoLayoutSupport/Pods-UIViewADKAutoLayoutSupport.debug.xcconfig"; sourceTree = "<group>"; };
/* End PBXFileReference section */

/* Begin PBXFrameworksBuildPhase section */
		3C9ADE761D12E6E9006FDCA0 /* Frameworks */ = {
			isa = PBXFrameworksBuildPhase;
			buildActionMask = 2147483647;
			files = (
				6F3ECBE1947228E41F4B0C09 /* libPods-UIViewADKAutoLayoutSupport.a in Frameworks */,
			);
			runOnlyForDeploymentPostprocessing = 0;
		};
/* End PBXFrameworksBuildPhase section */

/* Begin PBXGroup section */
		3C9ADE701D12E6E9006FDCA0 = {
			isa = PBXGroup;
			children = (
				3C9ADE7B1D12E6E9006FDCA0 /* UIViewADKAutoLayoutSupport */,
				3C9ADE7A1D12E6E9006FDCA0 /* Products */,
				A3849763CD306361DED2693E /* Pods */,
				3E9D4DB89EF52773355F15BC /* Frameworks */,
			);
			sourceTree = "<group>";
		};
		3C9ADE7A1D12E6E9006FDCA0 /* Products */ = {
			isa = PBXGroup;
			children = (
				3C9ADE791D12E6E9006FDCA0 /* UIViewADKAutoLayoutSupport.app */,
			);
			name = Products;
			sourceTree = "<group>";
		};
		3C9ADE7B1D12E6E9006FDCA0 /* UIViewADKAutoLayoutSupport */ = {
			isa = PBXGroup;
			children = (
				3C9ADE7F1D12E6E9006FDCA0 /* AppDelegate.h */,
				3C9ADE801D12E6E9006FDCA0 /* AppDelegate.m */,
				3C9ADE821D12E6E9006FDCA0 /* ViewController.h */,
				3C9ADE831D12E6E9006FDCA0 /* ViewController.m */,
				3C9ADE851D12E6E9006FDCA0 /* Main.storyboard */,
				3C9ADE881D12E6E9006FDCA0 /* Assets.xcassets */,
				3C9ADE8A1D12E6E9006FDCA0 /* LaunchScreen.storyboard */,
				3C9ADE8D1D12E6E9006FDCA0 /* Info.plist */,
				3C9ADE7C1D12E6E9006FDCA0 /* Supporting Files */,
			);
			path = UIViewADKAutoLayoutSupport;
			sourceTree = "<group>";
		};
		3C9ADE7C1D12E6E9006FDCA0 /* Supporting Files */ = {
			isa = PBXGroup;
			children = (
				3C9ADE7D1D12E6E9006FDCA0 /* main.m */,
			);
			name = "Supporting Files";
			sourceTree = "<group>";
		};
		3E9D4DB89EF52773355F15BC /* Frameworks */ = {
			isa = PBXGroup;
			children = (
				AA8A9DC98B13D373B0830EC1 /* libPods-UIViewADKAutoLayoutSupport.a */,
			);
			name = Frameworks;
			sourceTree = "<group>";
		};
		A3849763CD306361DED2693E /* Pods */ = {
			isa = PBXGroup;
			children = (
				C726C6404FE8919AF0D6ABE3 /* Pods-UIViewADKAutoLayoutSupport.debug.xcconfig */,
				0B829AA49D62B6D4CFE2F635 /* Pods-UIViewADKAutoLayoutSupport.release.xcconfig */,
			);
			name = Pods;
			sourceTree = "<group>";
		};
/* End PBXGroup section */

/* Begin PBXNativeTarget section */
		3C9ADE781D12E6E9006FDCA0 /* UIViewADKAutoLayoutSupport */ = {
			isa = PBXNativeTarget;
			buildConfigurationList = 3C9ADE901D12E6E9006FDCA0 /* Build configuration list for PBXNativeTarget "UIViewADKAutoLayoutSupport" */;
			buildPhases = (
				B86221D7566C56E112A00B88 /* [CP] Check Pods Manifest.lock */,
				3C9ADE751D12E6E9006FDCA0 /* Sources */,
				3C9ADE761D12E6E9006FDCA0 /* Frameworks */,
				3C9ADE771D12E6E9006FDCA0 /* Resources */,
				B4FDAC56C018092D649100C7 /* [CP] Embed Pods Frameworks */,
				B448139B0C3427A6B3909C80 /* [CP] Copy Pods Resources */,
			);
			buildRules = (
			);
			dependencies = (
			);
			name = UIViewADKAutoLayoutSupport;
			productName = UIViewADKAutoLayoutSupport;
			productReference = 3C9ADE791D12E6E9006FDCA0 /* UIViewADKAutoLayoutSupport.app */;
			productType = "com.apple.product-type.application";
		};
/* End PBXNativeTarget section */

/* Begin PBXProject section */
		3C9ADE711D12E6E9006FDCA0 /* Project object */ = {
			isa = PBXProject;
			attributes = {
				LastUpgradeCheck = 0730;
				ORGANIZATIONNAME = Yahoo;
				TargetAttributes = {
					3C9ADE781D12E6E9006FDCA0 = {
						CreatedOnToolsVersion = 7.3.1;
					};
				};
			};
			buildConfigurationList = 3C9ADE741D12E6E9006FDCA0 /* Build configuration list for PBXProject "UIViewADKAutoLayoutSupport" */;
			compatibilityVersion = "Xcode 3.2";
			developmentRegion = English;
			hasScannedForEncodings = 0;
			knownRegions = (
				en,
				Base,
			);
			mainGroup = 3C9ADE701D12E6E9006FDCA0;
			productRefGroup = 3C9ADE7A1D12E6E9006FDCA0 /* Products */;
			projectDirPath = "";
			projectRoot = "";
			targets = (
				3C9ADE781D12E6E9006FDCA0 /* UIViewADKAutoLayoutSupport */,
			);
		};
/* End PBXProject section */

/* Begin PBXResourcesBuildPhase section */
		3C9ADE771D12E6E9006FDCA0 /* Resources */ = {
			isa = PBXResourcesBuildPhase;
			buildActionMask = 2147483647;
			files = (
				3C9ADE8C1D12E6E9006FDCA0 /* LaunchScreen.storyboard in Resources */,
				3C9ADE891D12E6E9006FDCA0 /* Assets.xcassets in Resources */,
				3C9ADE871D12E6E9006FDCA0 /* Main.storyboard in Resources */,
			);
			runOnlyForDeploymentPostprocessing = 0;
		};
/* End PBXResourcesBuildPhase section */

/* Begin PBXShellScriptBuildPhase section */
		B448139B0C3427A6B3909C80 /* [CP] Copy Pods Resources */ = {
			isa = PBXShellScriptBuildPhase;
			buildActionMask = 2147483647;
			files = (
			);
			inputPaths = (
			);
			name = "[CP] Copy Pods Resources";
			outputPaths = (
			);
			runOnlyForDeploymentPostprocessing = 0;
			shellPath = /bin/sh;
			shellScript = "\"${SRCROOT}/Pods/Target Support Files/Pods-UIViewADKAutoLayoutSupport/Pods-UIViewADKAutoLayoutSupport-resources.sh\"\n";
			showEnvVarsInLog = 0;
		};
		B4FDAC56C018092D649100C7 /* [CP] Embed Pods Frameworks */ = {
			isa = PBXShellScriptBuildPhase;
			buildActionMask = 2147483647;
			files = (
			);
			inputPaths = (
			);
			name = "[CP] Embed Pods Frameworks";
			outputPaths = (
			);
			runOnlyForDeploymentPostprocessing = 0;
			shellPath = /bin/sh;
			shellScript = "\"${SRCROOT}/Pods/Target Support Files/Pods-UIViewADKAutoLayoutSupport/Pods-UIViewADKAutoLayoutSupport-frameworks.sh\"\n";
			showEnvVarsInLog = 0;
		};
		B86221D7566C56E112A00B88 /* [CP] Check Pods Manifest.lock */ = {
			isa = PBXShellScriptBuildPhase;
			buildActionMask = 2147483647;
			files = (
			);
			inputPaths = (
			);
			name = "[CP] Check Pods Manifest.lock";
			outputPaths = (
			);
			runOnlyForDeploymentPostprocessing = 0;
			shellPath = /bin/sh;
			shellScript = "diff \"${PODS_ROOT}/../Podfile.lock\" \"${PODS_ROOT}/Manifest.lock\" > /dev/null\nif [[ $? != 0 ]] ; then\n    cat << EOM\nerror: The sandbox is not in sync with the Podfile.lock. Run 'pod install' or update your CocoaPods installation.\nEOM\n    exit 1\nfi\n";
			showEnvVarsInLog = 0;
		};
/* End PBXShellScriptBuildPhase section */

/* Begin PBXSourcesBuildPhase section */
		3C9ADE751D12E6E9006FDCA0 /* Sources */ = {
			isa = PBXSourcesBuildPhase;
			buildActionMask = 2147483647;
			files = (
				3C9ADE841D12E6E9006FDCA0 /* ViewController.m in Sources */,
				3C9ADE811D12E6E9006FDCA0 /* AppDelegate.m in Sources */,
				3C9ADE7E1D12E6E9006FDCA0 /* main.m in Sources */,
			);
			runOnlyForDeploymentPostprocessing = 0;
		};
/* End PBXSourcesBuildPhase section */

/* Begin PBXVariantGroup section */
		3C9ADE851D12E6E9006FDCA0 /* Main.storyboard */ = {
			isa = PBXVariantGroup;
			children = (
				3C9ADE861D12E6E9006FDCA0 /* Base */,
			);
			name = Main.storyboard;
			sourceTree = "<group>";
		};
		3C9ADE8A1D12E6E9006FDCA0 /* LaunchScreen.storyboard */ = {
			isa = PBXVariantGroup;
			children = (
				3C9ADE8B1D12E6E9006FDCA0 /* Base */,
			);
			name = LaunchScreen.storyboard;
			sourceTree = "<group>";
		};
/* End PBXVariantGroup section */

/* Begin XCBuildConfiguration section */
		3C9ADE8E1D12E6E9006FDCA0 /* Debug */ = {
			isa = XCBuildConfiguration;
			buildSettings = {
				ALWAYS_SEARCH_USER_PATHS = NO;
				CLANG_ANALYZER_NONNULL = YES;
				CLANG_CXX_LANGUAGE_STANDARD = "gnu++0x";
				CLANG_CXX_LIBRARY = "libc++";
				CLANG_ENABLE_MODULES = YES;
				CLANG_ENABLE_OBJC_ARC = YES;
				CLANG_WARN_BOOL_CONVERSION = YES;
				CLANG_WARN_CONSTANT_CONVERSION = YES;
				CLANG_WARN_DIRECT_OBJC_ISA_USAGE = YES_ERROR;
				CLANG_WARN_EMPTY_BODY = YES;
				CLANG_WARN_ENUM_CONVERSION = YES;
				CLANG_WARN_INT_CONVERSION = YES;
				CLANG_WARN_OBJC_ROOT_CLASS = YES_ERROR;
				CLANG_WARN_UNREACHABLE_CODE = YES;
				CLANG_WARN__DUPLICATE_METHOD_MATCH = YES;
				"CODE_SIGN_IDENTITY[sdk=iphoneos*]" = "iPhone Developer";
				COPY_PHASE_STRIP = NO;
				DEBUG_INFORMATION_FORMAT = dwarf;
				ENABLE_STRICT_OBJC_MSGSEND = YES;
				ENABLE_TESTABILITY = YES;
				GCC_C_LANGUAGE_STANDARD = gnu99;
				GCC_DYNAMIC_NO_PIC = NO;
				GCC_NO_COMMON_BLOCKS = YES;
				GCC_OPTIMIZATION_LEVEL = 0;
				GCC_PREPROCESSOR_DEFINITIONS = (
					"DEBUG=1",
					"$(inherited)",
				);
				GCC_WARN_64_TO_32_BIT_CONVERSION = YES;
				GCC_WARN_ABOUT_RETURN_TYPE = YES_ERROR;
				GCC_WARN_UNDECLARED_SELECTOR = YES;
				GCC_WARN_UNINITIALIZED_AUTOS = YES_AGGRESSIVE;
				GCC_WARN_UNUSED_FUNCTION = YES;
				GCC_WARN_UNUSED_VARIABLE = YES;
				IPHONEOS_DEPLOYMENT_TARGET = 9.3;
				MTL_ENABLE_DEBUG_INFO = YES;
				ONLY_ACTIVE_ARCH = YES;
				SDKROOT = iphoneos;
			};
			name = Debug;
		};
		3C9ADE8F1D12E6E9006FDCA0 /* Release */ = {
			isa = XCBuildConfiguration;
			buildSettings = {
				ALWAYS_SEARCH_USER_PATHS = NO;
				CLANG_ANALYZER_NONNULL = YES;
				CLANG_CXX_LANGUAGE_STANDARD = "gnu++0x";
				CLANG_CXX_LIBRARY = "libc++";
				CLANG_ENABLE_MODULES = YES;
				CLANG_ENABLE_OBJC_ARC = YES;
				CLANG_WARN_BOOL_CONVERSION = YES;
				CLANG_WARN_CONSTANT_CONVERSION = YES;
				CLANG_WARN_DIRECT_OBJC_ISA_USAGE = YES_ERROR;
				CLANG_WARN_EMPTY_BODY = YES;
				CLANG_WARN_ENUM_CONVERSION = YES;
				CLANG_WARN_INT_CONVERSION = YES;
				CLANG_WARN_OBJC_ROOT_CLASS = YES_ERROR;
				CLANG_WARN_UNREACHABLE_CODE = YES;
				CLANG_WARN__DUPLICATE_METHOD_MATCH = YES;
				"CODE_SIGN_IDENTITY[sdk=iphoneos*]" = "iPhone Developer";
				COPY_PHASE_STRIP = NO;
				DEBUG_INFORMATION_FORMAT = "dwarf-with-dsym";
				ENABLE_NS_ASSERTIONS = NO;
				ENABLE_STRICT_OBJC_MSGSEND = YES;
				GCC_C_LANGUAGE_STANDARD = gnu99;
				GCC_NO_COMMON_BLOCKS = YES;
				GCC_WARN_64_TO_32_BIT_CONVERSION = YES;
				GCC_WARN_ABOUT_RETURN_TYPE = YES_ERROR;
				GCC_WARN_UNDECLARED_SELECTOR = YES;
				GCC_WARN_UNINITIALIZED_AUTOS = YES_AGGRESSIVE;
				GCC_WARN_UNUSED_FUNCTION = YES;
				GCC_WARN_UNUSED_VARIABLE = YES;
				IPHONEOS_DEPLOYMENT_TARGET = 9.3;
				MTL_ENABLE_DEBUG_INFO = NO;
				SDKROOT = iphoneos;
				VALIDATE_PRODUCT = YES;
			};
			name = Release;
		};
		3C9ADE911D12E6E9006FDCA0 /* Debug */ = {
			isa = XCBuildConfiguration;
			baseConfigurationReference = C726C6404FE8919AF0D6ABE3 /* Pods-UIViewADKAutoLayoutSupport.debug.xcconfig */;
			buildSettings = {
				ASSETCATALOG_COMPILER_APPICON_NAME = AppIcon;
				INFOPLIST_FILE = UIViewADKAutoLayoutSupport/Info.plist;
				LD_RUNPATH_SEARCH_PATHS = "$(inherited) @executable_path/Frameworks";
				PRODUCT_BUNDLE_IDENTIFIER = com.yahoo.UIViewADKAutoLayoutSupport;
				PRODUCT_NAME = "$(TARGET_NAME)";
			};
			name = Debug;
		};
		3C9ADE921D12E6E9006FDCA0 /* Release */ = {
			isa = XCBuildConfiguration;
			baseConfigurationReference = 0B829AA49D62B6D4CFE2F635 /* Pods-UIViewADKAutoLayoutSupport.release.xcconfig */;
			buildSettings = {
				ASSETCATALOG_COMPILER_APPICON_NAME = AppIcon;
				INFOPLIST_FILE = UIViewADKAutoLayoutSupport/Info.plist;
				LD_RUNPATH_SEARCH_PATHS = "$(inherited) @executable_path/Frameworks";
				PRODUCT_BUNDLE_IDENTIFIER = com.yahoo.UIViewADKAutoLayoutSupport;
				PRODUCT_NAME = "$(TARGET_NAME)";
			};
			name = Release;
		};
/* End XCBuildConfiguration section */

/* Begin XCConfigurationList section */
		3C9ADE741D12E6E9006FDCA0 /* Build configuration list for PBXProject "UIViewADKAutoLayoutSupport" */ = {
			isa = XCConfigurationList;
			buildConfigurations = (
				3C9ADE8E1D12E6E9006FDCA0 /* Debug */,
				3C9ADE8F1D12E6E9006FDCA0 /* Release */,
			);
			defaultConfigurationIsVisible = 0;
			defaultConfigurationName = Release;
		};
		3C9ADE901D12E6E9006FDCA0 /* Build configuration list for PBXNativeTarget "UIViewADKAutoLayoutSupport" */ = {
			isa = XCConfigurationList;
			buildConfigurations = (
				3C9ADE911D12E6E9006FDCA0 /* Debug */,
				3C9ADE921D12E6E9006FDCA0 /* Release */,
			);
			defaultConfigurationIsVisible = 0;
			defaultConfigurationName = Release;
		};
/* End XCConfigurationList section */
	};
	rootObject = 3C9ADE711D12E6E9006FDCA0 /* Project object */;
}
